
Microsoft Visual Studio Solution File, Format Version 12.00
# Visual Studio Version 17
VisualStudioVersion = 17.8.34330.188
MinimumVisualStudioVersion = 10.0.40219.1
Project("{FAE04EC0-301F-11D3-BF4B-00C04F79EFBC}") = "VirtualOverrideDemo", "VirtualOverrideDemo\VirtualOverrideDemo.csproj", "{846B67AE-4088-4A6F-9AFD-CF6940B74B15}"
EndProject
Global
	GlobalSection(SolutionConfigurationPlatforms) = preSolution
		Debug|Any CPU = Debug|Any CPU
		Release|Any CPU = Release|Any CPU
	EndGlobalSection
	GlobalSection(ProjectConfigurationPlatforms) = postSolution
		{846B67AE-4088-4A6F-9AFD-CF6940B74B15}.Debug|Any CPU.ActiveCfg = Debug|Any CPU
		{846B67AE-4088-4A6F-9AFD-CF6940B74B15}.Debug|Any CPU.Build.0 = Debug|Any CPU
		{846B67AE-4088-4A6F-9AFD-CF6940B74B15}.Release|Any CPU.ActiveCfg = Release|Any CPU
		{846B67AE-4088-4A6F-9AFD-CF6940B74B15}.Release|Any CPU.Build.0 = Release|Any CPU
	EndGlobalSection
	GlobalSection(SolutionProperties) = preSolution
		HideSolutionNode = FALSE
	EndGlobalSection
	GlobalSection(ExtensibilityGlobals) = postSolution
		SolutionGuid = {32039EC1-EAD8-46DB-BFAC-CAEBA3F5E94D}
	EndGlobalSection
EndGlobal
